{
    "_meta": {
        "hash": {
            "sha256": "dbaac58d2f4f9ddd3b81662e5f20712e38e43f1c3dc59f1c4eeee857e8eb033d"
        },
        "pipfile-spec": 6,
        "requires": {
            "python_version": "3.8"
        },
        "sources": [
            {
                "name": "pypi",
                "url": "https://pypi.org/simple",
                "verify_ssl": true
            }
        ]
    },
    "default": {
        "noise": {
            "hashes": [
                "sha256:001782e0b67c260e734e48a409641707f502ee4cd186a74e6bda881fb3c44427",
                "sha256:0191e19e77be1018f5548e75125de1c6aec11a75a8693bb5f8f8106b63561ed8",
                "sha256:065be3531a6b7a7dfcb6840646400a75e081511c524caa04feaea11e16e7ab24",
                "sha256:0d3c51b538dfbbea85cbcf9fc4418ae5210136f5e39948968392a6d4f3cd39b0",
                "sha256:15582a58c9ee79b07436a1220bd6c4145266865262d1e6478d37a08b7d910da8",
                "sha256:20d1c89a2b8c3714abe5a5fa653b3ab9ab01aee1475993b8bdb9d5e26bc081cc",
                "sha256:36036cdaca131ddd2ab4397fba649af7f074ec08031e1e0a51031d0ae23b509a",
                "sha256:57a2797436574391ff63a111e852e53a4164ecd81ad23639641743cd1a209b65",
                "sha256:93ac2977cf0e8f5cb90a2e828a5dfefc438bfb1fb8d7fd1ee305f05eadc8578e",
                "sha256:a15336cea59c74f1b3b2bf03b76600a3d59b0e557da1219176b9ca216dca8a91",
                "sha256:a476b2b62efa56b777c5a04566930aa47cfda43eda0e744a39b55056e763064f",
                "sha256:f7ef26a4c334224e7763e740fc945c26c0abf9ba51a19d4f5befa1d20d7da0b7",
                "sha256:f82933563ef89651865cc7cbfab11721a2229f5c6c8c009a041be4fb887949f2",
                "sha256:fae41762d6b7a0a1e360ec4cb03260b6abcc302b2244a3feefdfbf52ffd612c9"
            ],
            "index": "pypi",
            "version": "==1.2.2"
        },
        "pyglet": {
            "hashes": [
                "sha256:3faac2dad34946aecbce79a8658f89155436fe5c07332229160c6eba302ff40d",
                "sha256:9832442d59ee06acbeff12e128cf6d5aee271e94c09386040db8f0feae277013"
            ],
            "index": "pypi",
            "version": "==1.5.7"
        }
    },
    "develop": {}
}
